
Microsoft Visual Studio Solution File, Format Version 12.00
# Visual Studio Version 17
VisualStudioVersion = 17.2.32519.379
MinimumVisualStudioVersion = 10.0.40219.1
Project("{FAE04EC0-301F-11D3-BF4B-00C04F79EFBC}") = "cs_namespace_countries", "cs_namespace_countries\cs_namespace_countries.csproj", "{C0312D5E-39A5-4987-BBCC-775FA6A9D612}"
EndProject
Global
	GlobalSection(SolutionConfigurationPlatforms) = preSolution
		Debug|Any CPU = Debug|Any CPU
		Release|Any CPU = Release|Any CPU
	EndGlobalSection
	GlobalSection(ProjectConfigurationPlatforms) = postSolution
		{C0312D5E-39A5-4987-BBCC-775FA6A9D612}.Debug|Any CPU.ActiveCfg = Debug|Any CPU
		{C0312D5E-39A5-4987-BBCC-775FA6A9D612}.Debug|Any CPU.Build.0 = Debug|Any CPU
		{C0312D5E-39A5-4987-BBCC-775FA6A9D612}.Release|Any CPU.ActiveCfg = Release|Any CPU
		{C0312D5E-39A5-4987-BBCC-775FA6A9D612}.Release|Any CPU.Build.0 = Release|Any CPU
	EndGlobalSection
	GlobalSection(SolutionProperties) = preSolution
		HideSolutionNode = FALSE
	EndGlobalSection
	GlobalSection(ExtensibilityGlobals) = postSolution
		SolutionGuid = {31FE6E30-7498-469C-8837-A683D90E77A7}
	EndGlobalSection
EndGlobal
